// !$*UTF8*$!
{
	archiveVersion = 1;
	classes = {
	};
	objectVersion = 51;
	objects = {

/* Begin PBXBuildFile section */
		5E1BA83124EF645E0070829E /* TableViewController.swift in Sources */ = {isa = PBXBuildFile; fileRef = 5E1BA83024EF645E0070829E /* TableViewController.swift */; };
		5E64D14124F4FB180040BCB4 /* RefreshableController.swift in Sources */ = {isa = PBXBuildFile; fileRef = 5E64D14024F4FB180040BCB4 /* RefreshableController.swift */; };
		5E64D14324F4FB710040BCB4 /* GankApi.swift in Sources */ = {isa = PBXBuildFile; fileRef = 5E64D14224F4FB710040BCB4 /* GankApi.swift */; };
		5E64D14524F500770040BCB4 /* RefreshableViewModel.swift in Sources */ = {isa = PBXBuildFile; fileRef = 5E64D14424F500770040BCB4 /* RefreshableViewModel.swift */; };
		5E64D15524F7A0C10040BCB4 /* EmptyViewController.m in Sources */ = {isa = PBXBuildFile; fileRef = 5E64D15424F7A0C10040BCB4 /* EmptyViewController.m */; };
		5E64D15824F7A5190040BCB4 /* CCEmptyDataSetManager.m in Sources */ = {isa = PBXBuildFile; fileRef = 5E64D15624F7A5190040BCB4 /* CCEmptyDataSetManager.m */; };
		5EAA573524EBA50A008A7FBD /* AppDelegate.swift in Sources */ = {isa = PBXBuildFile; fileRef = 5EAA573424EBA50A008A7FBD /* AppDelegate.swift */; };
		5EAA573724EBA50A008A7FBD /* SceneDelegate.swift in Sources */ = {isa = PBXBuildFile; fileRef = 5EAA573624EBA50A008A7FBD /* SceneDelegate.swift */; };
		5EAA573924EBA50A008A7FBD /* ViewController.swift in Sources */ = {isa = PBXBuildFile; fileRef = 5EAA573824EBA50A008A7FBD /* ViewController.swift */; };
		5EAA573C24EBA50A008A7FBD /* Main.storyboard in Resources */ = {isa = PBXBuildFile; fileRef = 5EAA573A24EBA50A008A7FBD /* Main.storyboard */; };
		5EAA573E24EBA50F008A7FBD /* Assets.xcassets in Resources */ = {isa = PBXBuildFile; fileRef = 5EAA573D24EBA50F008A7FBD /* Assets.xcassets */; };
		5EAA574124EBA50F008A7FBD /* LaunchScreen.storyboard in Resources */ = {isa = PBXBuildFile; fileRef = 5EAA573F24EBA50F008A7FBD /* LaunchScreen.storyboard */; };
		5EBF080A24F3852500A5C538 /* TestApi.swift in Sources */ = {isa = PBXBuildFile; fileRef = 5EBF080924F3852500A5C538 /* TestApi.swift */; };
		5EBF081024F39C9600A5C538 /* CacheViewController.swift in Sources */ = {isa = PBXBuildFile; fileRef = 5EBF080F24F39C9600A5C538 /* CacheViewController.swift */; };
		C0CA9CAC049E4040DF9785A8 /* Pods_SwiftModulesDemo.framework in Frameworks */ = {isa = PBXBuildFile; fileRef = 24E5CD47371196EC56ED006B /* Pods_SwiftModulesDemo.framework */; };
/* End PBXBuildFile section */

/* Begin PBXFileReference section */
		24E5CD47371196EC56ED006B /* Pods_SwiftModulesDemo.framework */ = {isa = PBXFileReference; explicitFileType = wrapper.framework; includeInIndex = 0; path = Pods_SwiftModulesDemo.framework; sourceTree = BUILT_PRODUCTS_DIR; };
		5E1BA83024EF645E0070829E /* TableViewController.swift */ = {isa = PBXFileReference; lastKnownFileType = sourcecode.swift; path = TableViewController.swift; sourceTree = "<group>"; };
		5E64D14024F4FB180040BCB4 /* RefreshableController.swift */ = {isa = PBXFileReference; lastKnownFileType = sourcecode.swift; path = RefreshableController.swift; sourceTree = "<group>"; };
		5E64D14224F4FB710040BCB4 /* GankApi.swift */ = {isa = PBXFileReference; lastKnownFileType = sourcecode.swift; path = GankApi.swift; sourceTree = "<group>"; };
		5E64D14424F500770040BCB4 /* RefreshableViewModel.swift */ = {isa = PBXFileReference; lastKnownFileType = sourcecode.swift; path = RefreshableViewModel.swift; sourceTree = "<group>"; };
		5E64D14F24F79FD80040BCB4 /* SwiftModulesDemo-Bridging-Header.h */ = {isa = PBXFileReference; lastKnownFileType = sourcecode.c.h; path = "SwiftModulesDemo-Bridging-Header.h"; sourceTree = "<group>"; };
		5E64D15324F7A0C10040BCB4 /* EmptyViewController.h */ = {isa = PBXFileReference; fileEncoding = 4; lastKnownFileType = sourcecode.c.h; path = EmptyViewController.h; sourceTree = "<group>"; };
		5E64D15424F7A0C10040BCB4 /* EmptyViewController.m */ = {isa = PBXFileReference; fileEncoding = 4; lastKnownFileType = sourcecode.c.objc; path = EmptyViewController.m; sourceTree = "<group>"; };
		5E64D15624F7A5190040BCB4 /* CCEmptyDataSetManager.m */ = {isa = PBXFileReference; fileEncoding = 4; lastKnownFileType = sourcecode.c.objc; path = CCEmptyDataSetManager.m; sourceTree = "<group>"; };
		5E64D15724F7A5190040BCB4 /* CCEmptyDataSetManager.h */ = {isa = PBXFileReference; fileEncoding = 4; lastKnownFileType = sourcecode.c.h; path = CCEmptyDataSetManager.h; sourceTree = "<group>"; };
		5EAA573124EBA50A008A7FBD /* SwiftModulesDemo.app */ = {isa = PBXFileReference; explicitFileType = wrapper.application; includeInIndex = 0; path = SwiftModulesDemo.app; sourceTree = BUILT_PRODUCTS_DIR; };
		5EAA573424EBA50A008A7FBD /* AppDelegate.swift */ = {isa = PBXFileReference; lastKnownFileType = sourcecode.swift; path = AppDelegate.swift; sourceTree = "<group>"; };
		5EAA573624EBA50A008A7FBD /* SceneDelegate.swift */ = {isa = PBXFileReference; lastKnownFileType = sourcecode.swift; path = SceneDelegate.swift; sourceTree = "<group>"; };
		5EAA573824EBA50A008A7FBD /* ViewController.swift */ = {isa = PBXFileReference; lastKnownFileType = sourcecode.swift; path = ViewController.swift; sourceTree = "<group>"; };
		5EAA573B24EBA50A008A7FBD /* Base */ = {isa = PBXFileReference; lastKnownFileType = file.storyboard; name = Base; path = Base.lproj/Main.storyboard; sourceTree = "<group>"; };
		5EAA573D24EBA50F008A7FBD /* Assets.xcassets */ = {isa = PBXFileReference; lastKnownFileType = folder.assetcatalog; path = Assets.xcassets; sourceTree = "<group>"; };
		5EAA574024EBA50F008A7FBD /* Base */ = {isa = PBXFileReference; lastKnownFileType = file.storyboard; name = Base; path = Base.lproj/LaunchScreen.storyboard; sourceTree = "<group>"; };
		5EAA574224EBA50F008A7FBD /* Info.plist */ = {isa = PBXFileReference; lastKnownFileType = text.plist.xml; path = Info.plist; sourceTree = "<group>"; };
		5EBF080924F3852500A5C538 /* TestApi.swift */ = {isa = PBXFileReference; lastKnownFileType = sourcecode.swift; path = TestApi.swift; sourceTree = "<group>"; };
		5EBF080F24F39C9600A5C538 /* CacheViewController.swift */ = {isa = PBXFileReference; lastKnownFileType = sourcecode.swift; path = CacheViewController.swift; sourceTree = "<group>"; };
		9D6CD64371F9B53AD27113D0 /* Pods-SwiftModulesDemo.debug.xcconfig */ = {isa = PBXFileReference; includeInIndex = 1; lastKnownFileType = text.xcconfig; name = "Pods-SwiftModulesDemo.debug.xcconfig"; path = "Target Support Files/Pods-SwiftModulesDemo/Pods-SwiftModulesDemo.debug.xcconfig"; sourceTree = "<group>"; };
		C3AA3F9C5B9BBF46EE78D1B9 /* Pods-SwiftModulesDemo.release.xcconfig */ = {isa = PBXFileReference; includeInIndex = 1; lastKnownFileType = text.xcconfig; name = "Pods-SwiftModulesDemo.release.xcconfig"; path = "Target Support Files/Pods-SwiftModulesDemo/Pods-SwiftModulesDemo.release.xcconfig"; sourceTree = "<group>"; };
/* End PBXFileReference section */

/* Begin PBXFrameworksBuildPhase section */
		5EAA572E24EBA50A008A7FBD /* Frameworks */ = {
			isa = PBXFrameworksBuildPhase;
			buildActionMask = 2147483647;
			files = (
				C0CA9CAC049E4040DF9785A8 /* Pods_SwiftModulesDemo.framework in Frameworks */,
			);
			runOnlyForDeploymentPostprocessing = 0;
		};
/* End PBXFrameworksBuildPhase section */

/* Begin PBXGroup section */
		5EAA572824EBA50A008A7FBD = {
			isa = PBXGroup;
			children = (
				5EAA573324EBA50A008A7FBD /* SwiftModulesDemo */,
				5EAA573224EBA50A008A7FBD /* Products */,
				AB96C76418BA91040D308325 /* Pods */,
				D772A2AC4DBE7DB152B127CE /* Frameworks */,
			);
			sourceTree = "<group>";
		};
		5EAA573224EBA50A008A7FBD /* Products */ = {
			isa = PBXGroup;
			children = (
				5EAA573124EBA50A008A7FBD /* SwiftModulesDemo.app */,
			);
			name = Products;
			sourceTree = "<group>";
		};
		5EAA573324EBA50A008A7FBD /* SwiftModulesDemo */ = {
			isa = PBXGroup;
			children = (
				5EAA573424EBA50A008A7FBD /* AppDelegate.swift */,
				5EAA573624EBA50A008A7FBD /* SceneDelegate.swift */,
				5EAA573824EBA50A008A7FBD /* ViewController.swift */,
				5E1BA83024EF645E0070829E /* TableViewController.swift */,
				5EBF080F24F39C9600A5C538 /* CacheViewController.swift */,
				5E64D14024F4FB180040BCB4 /* RefreshableController.swift */,
				5E64D14424F500770040BCB4 /* RefreshableViewModel.swift */,
				5E64D15324F7A0C10040BCB4 /* EmptyViewController.h */,
				5E64D15424F7A0C10040BCB4 /* EmptyViewController.m */,
				5E64D15724F7A5190040BCB4 /* CCEmptyDataSetManager.h */,
				5E64D15624F7A5190040BCB4 /* CCEmptyDataSetManager.m */,
				5EBF080924F3852500A5C538 /* TestApi.swift */,
				5E64D14224F4FB710040BCB4 /* GankApi.swift */,
				5EAA573A24EBA50A008A7FBD /* Main.storyboard */,
				5EAA573D24EBA50F008A7FBD /* Assets.xcassets */,
				5EAA573F24EBA50F008A7FBD /* LaunchScreen.storyboard */,
				5EAA574224EBA50F008A7FBD /* Info.plist */,
				5E64D14F24F79FD80040BCB4 /* SwiftModulesDemo-Bridging-Header.h */,
			);
			path = SwiftModulesDemo;
			sourceTree = "<group>";
		};
		AB96C76418BA91040D308325 /* Pods */ = {
			isa = PBXGroup;
			children = (
				9D6CD64371F9B53AD27113D0 /* Pods-SwiftModulesDemo.debug.xcconfig */,
				C3AA3F9C5B9BBF46EE78D1B9 /* Pods-SwiftModulesDemo.release.xcconfig */,
			);
			path = Pods;
			sourceTree = "<group>";
		};
		D772A2AC4DBE7DB152B127CE /* Frameworks */ = {
			isa = PBXGroup;
			children = (
				24E5CD47371196EC56ED006B /* Pods_SwiftModulesDemo.framework */,
			);
			name = Frameworks;
			sourceTree = "<group>";
		};
/* End PBXGroup section */

/* Begin PBXNativeTarget section */
		5EAA573024EBA50A008A7FBD /* SwiftModulesDemo */ = {
			isa = PBXNativeTarget;
			buildConfigurationList = 5EAA574524EBA50F008A7FBD /* Build configuration list for PBXNativeTarget "SwiftModulesDemo" */;
			buildPhases = (
				0A82FC70563B594E615B8672 /* [CP] Check Pods Manifest.lock */,
				5EAA572D24EBA50A008A7FBD /* Sources */,
				5EAA572E24EBA50A008A7FBD /* Frameworks */,
				5EAA572F24EBA50A008A7FBD /* Resources */,
				EB90BC08A7EE88F7AA61738C /* [CP] Embed Pods Frameworks */,
			);
			buildRules = (
			);
			dependencies = (
			);
			name = SwiftModulesDemo;
			productName = SwiftModulesDemo;
			productReference = 5EAA573124EBA50A008A7FBD /* SwiftModulesDemo.app */;
			productType = "com.apple.product-type.application";
		};
/* End PBXNativeTarget section */

/* Begin PBXProject section */
		5EAA572924EBA50A008A7FBD /* Project object */ = {
			isa = PBXProject;
			attributes = {
				CLASSPREFIX = "";
				LastSwiftUpdateCheck = 1160;
				LastUpgradeCheck = 1160;
				ORGANIZATIONNAME = cc;
				TargetAttributes = {
					5EAA573024EBA50A008A7FBD = {
						CreatedOnToolsVersion = 11.6;
						LastSwiftMigration = 1160;
					};
				};
			};
			buildConfigurationList = 5EAA572C24EBA50A008A7FBD /* Build configuration list for PBXProject "SwiftModulesDemo" */;
			compatibilityVersion = "Xcode 9.3";
			developmentRegion = en;
			hasScannedForEncodings = 0;
			knownRegions = (
				en,
				Base,
			);
			mainGroup = 5EAA572824EBA50A008A7FBD;
			productRefGroup = 5EAA573224EBA50A008A7FBD /* Products */;
			projectDirPath = "";
			projectRoot = "";
			targets = (
				5EAA573024EBA50A008A7FBD /* SwiftModulesDemo */,
			);
		};
/* End PBXProject section */

/* Begin PBXResourcesBuildPhase section */
		5EAA572F24EBA50A008A7FBD /* Resources */ = {
			isa = PBXResourcesBuildPhase;
			buildActionMask = 2147483647;
			files = (
				5EAA574124EBA50F008A7FBD /* LaunchScreen.storyboard in Resources */,
				5EAA573E24EBA50F008A7FBD /* Assets.xcassets in Resources */,
				5EAA573C24EBA50A008A7FBD /* Main.storyboard in Resources */,
			);
			runOnlyForDeploymentPostprocessing = 0;
		};
/* End PBXResourcesBuildPhase section */

/* Begin PBXShellScriptBuildPhase section */
		0A82FC70563B594E615B8672 /* [CP] Check Pods Manifest.lock */ = {
			isa = PBXShellScriptBuildPhase;
			buildActionMask = 2147483647;
			files = (
			);
			inputFileListPaths = (
			);
			inputPaths = (
				"${PODS_PODFILE_DIR_PATH}/Podfile.lock",
				"${PODS_ROOT}/Manifest.lock",
			);
			name = "[CP] Check Pods Manifest.lock";
			outputFileListPaths = (
			);
			outputPaths = (
				"$(DERIVED_FILE_DIR)/Pods-SwiftModulesDemo-checkManifestLockResult.txt",
			);
			runOnlyForDeploymentPostprocessing = 0;
			shellPath = /bin/sh;
			shellScript = "diff \"${PODS_PODFILE_DIR_PATH}/Podfile.lock\" \"${PODS_ROOT}/Manifest.lock\" > /dev/null\nif [ $? != 0 ] ; then\n    # print error to STDERR\n    echo \"error: The sandbox is not in sync with the Podfile.lock. Run 'pod install' or update your CocoaPods installation.\" >&2\n    exit 1\nfi\n# This output is used by Xcode 'outputs' to avoid re-running this script phase.\necho \"SUCCESS\" > \"${SCRIPT_OUTPUT_FILE_0}\"\n";
			showEnvVarsInLog = 0;
		};
		EB90BC08A7EE88F7AA61738C /* [CP] Embed Pods Frameworks */ = {
			isa = PBXShellScriptBuildPhase;
			buildActionMask = 2147483647;
			files = (
			);
			inputFileListPaths = (
				"${PODS_ROOT}/Target Support Files/Pods-SwiftModulesDemo/Pods-SwiftModulesDemo-frameworks-${CONFIGURATION}-input-files.xcfilelist",
			);
			name = "[CP] Embed Pods Frameworks";
			outputFileListPaths = (
				"${PODS_ROOT}/Target Support Files/Pods-SwiftModulesDemo/Pods-SwiftModulesDemo-frameworks-${CONFIGURATION}-output-files.xcfilelist",
			);
			runOnlyForDeploymentPostprocessing = 0;
			shellPath = /bin/sh;
			shellScript = "\"${PODS_ROOT}/Target Support Files/Pods-SwiftModulesDemo/Pods-SwiftModulesDemo-frameworks.sh\"\n";
			showEnvVarsInLog = 0;
		};
/* End PBXShellScriptBuildPhase section */

/* Begin PBXSourcesBuildPhase section */
		5EAA572D24EBA50A008A7FBD /* Sources */ = {
			isa = PBXSourcesBuildPhase;
			buildActionMask = 2147483647;
			files = (
				5EAA573924EBA50A008A7FBD /* ViewController.swift in Sources */,
				5EBF081024F39C9600A5C538 /* CacheViewController.swift in Sources */,
				5EAA573524EBA50A008A7FBD /* AppDelegate.swift in Sources */,
				5E64D14524F500770040BCB4 /* RefreshableViewModel.swift in Sources */,
				5E64D14324F4FB710040BCB4 /* GankApi.swift in Sources */,
				5EAA573724EBA50A008A7FBD /* SceneDelegate.swift in Sources */,
				5E64D15824F7A5190040BCB4 /* CCEmptyDataSetManager.m in Sources */,
				5E64D15524F7A0C10040BCB4 /* EmptyViewController.m in Sources */,
				5EBF080A24F3852500A5C538 /* TestApi.swift in Sources */,
				5E1BA83124EF645E0070829E /* TableViewController.swift in Sources */,
				5E64D14124F4FB180040BCB4 /* RefreshableController.swift in Sources */,
			);
			runOnlyForDeploymentPostprocessing = 0;
		};
/* End PBXSourcesBuildPhase section */

/* Begin PBXVariantGroup section */
		5EAA573A24EBA50A008A7FBD /* Main.storyboard */ = {
			isa = PBXVariantGroup;
			children = (
				5EAA573B24EBA50A008A7FBD /* Base */,
			);
			name = Main.storyboard;
			sourceTree = "<group>";
		};
		5EAA573F24EBA50F008A7FBD /* LaunchScreen.storyboard */ = {
			isa = PBXVariantGroup;
			children = (
				5EAA574024EBA50F008A7FBD /* Base */,
			);
			name = LaunchScreen.storyboard;
			sourceTree = "<group>";
		};
/* End PBXVariantGroup section */

/* Begin XCBuildConfiguration section */
		5EAA574324EBA50F008A7FBD /* Debug */ = {
			isa = XCBuildConfiguration;
			buildSettings = {
				ALWAYS_SEARCH_USER_PATHS = NO;
				CLANG_ANALYZER_NONNULL = YES;
				CLANG_ANALYZER_NUMBER_OBJECT_CONVERSION = YES_AGGRESSIVE;
				CLANG_CXX_LANGUAGE_STANDARD = "gnu++14";
				CLANG_CXX_LIBRARY = "libc++";
				CLANG_ENABLE_MODULES = YES;
				CLANG_ENABLE_OBJC_ARC = YES;
				CLANG_ENABLE_OBJC_WEAK = YES;
				CLANG_WARN_BLOCK_CAPTURE_AUTORELEASING = YES;
				CLANG_WARN_BOOL_CONVERSION = YES;
				CLANG_WARN_COMMA = YES;
				CLANG_WARN_CONSTANT_CONVERSION = YES;
				CLANG_WARN_DEPRECATED_OBJC_IMPLEMENTATIONS = YES;
				CLANG_WARN_DIRECT_OBJC_ISA_USAGE = YES_ERROR;
				CLANG_WARN_DOCUMENTATION_COMMENTS = YES;
				CLANG_WARN_EMPTY_BODY = YES;
				CLANG_WARN_ENUM_CONVERSION = YES;
				CLANG_WARN_INFINITE_RECURSION = YES;
				CLANG_WARN_INT_CONVERSION = YES;
				CLANG_WARN_NON_LITERAL_NULL_CONVERSION = YES;
				CLANG_WARN_OBJC_IMPLICIT_RETAIN_SELF = YES;
				CLANG_WARN_OBJC_LITERAL_CONVERSION = YES;
				CLANG_WARN_OBJC_ROOT_CLASS = YES_ERROR;
				CLANG_WARN_RANGE_LOOP_ANALYSIS = YES;
				CLANG_WARN_STRICT_PROTOTYPES = YES;
				CLANG_WARN_SUSPICIOUS_MOVE = YES;
				CLANG_WARN_UNGUARDED_AVAILABILITY = YES_AGGRESSIVE;
				CLANG_WARN_UNREACHABLE_CODE = YES;
				CLANG_WARN__DUPLICATE_METHOD_MATCH = YES;
				COPY_PHASE_STRIP = NO;
				DEBUG_INFORMATION_FORMAT = dwarf;
				ENABLE_STRICT_OBJC_MSGSEND = YES;
				ENABLE_TESTABILITY = YES;
				GCC_C_LANGUAGE_STANDARD = gnu11;
				GCC_DYNAMIC_NO_PIC = NO;
				GCC_NO_COMMON_BLOCKS = YES;
				GCC_OPTIMIZATION_LEVEL = 0;
				GCC_PREPROCESSOR_DEFINITIONS = (
					"DEBUG=1",
					"$(inherited)",
				);
				GCC_WARN_64_TO_32_BIT_CONVERSION = YES;
				GCC_WARN_ABOUT_RETURN_TYPE = YES_ERROR;
				GCC_WARN_UNDECLARED_SELECTOR = YES;
				GCC_WARN_UNINITIALIZED_AUTOS = YES_AGGRESSIVE;
				GCC_WARN_UNUSED_FUNCTION = YES;
				GCC_WARN_UNUSED_VARIABLE = YES;
				IPHONEOS_DEPLOYMENT_TARGET = 13.6;
				MTL_ENABLE_DEBUG_INFO = INCLUDE_SOURCE;
				MTL_FAST_MATH = YES;
				ONLY_ACTIVE_ARCH = YES;
				SDKROOT = iphoneos;
				SWIFT_ACTIVE_COMPILATION_CONDITIONS = DEBUG;
				SWIFT_OPTIMIZATION_LEVEL = "-Onone";
			};
			name = Debug;
		};
		5EAA574424EBA50F008A7FBD /* Release */ = {
			isa = XCBuildConfiguration;
			buildSettings = {
				ALWAYS_SEARCH_USER_PATHS = NO;
				CLANG_ANALYZER_NONNULL = YES;
				CLANG_ANALYZER_NUMBER_OBJECT_CONVERSION = YES_AGGRESSIVE;
				CLANG_CXX_LANGUAGE_STANDARD = "gnu++14";
				CLANG_CXX_LIBRARY = "libc++";
				CLANG_ENABLE_MODULES = YES;
				CLANG_ENABLE_OBJC_ARC = YES;
				CLANG_ENABLE_OBJC_WEAK = YES;
				CLANG_WARN_BLOCK_CAPTURE_AUTORELEASING = YES;
				CLANG_WARN_BOOL_CONVERSION = YES;
				CLANG_WARN_COMMA = YES;
				CLANG_WARN_CONSTANT_CONVERSION = YES;
				CLANG_WARN_DEPRECATED_OBJC_IMPLEMENTATIONS = YES;
				CLANG_WARN_DIRECT_OBJC_ISA_USAGE = YES_ERROR;
				CLANG_WARN_DOCUMENTATION_COMMENTS = YES;
				CLANG_WARN_EMPTY_BODY = YES;
				CLANG_WARN_ENUM_CONVERSION = YES;
				CLANG_WARN_INFINITE_RECURSION = YES;
				CLANG_WARN_INT_CONVERSION = YES;
				CLANG_WARN_NON_LITERAL_NULL_CONVERSION = YES;
				CLANG_WARN_OBJC_IMPLICIT_RETAIN_SELF = YES;
				CLANG_WARN_OBJC_LITERAL_CONVERSION = YES;
				CLANG_WARN_OBJC_ROOT_CLASS = YES_ERROR;
				CLANG_WARN_RANGE_LOOP_ANALYSIS = YES;
				CLANG_WARN_STRICT_PROTOTYPES = YES;
				CLANG_WARN_SUSPICIOUS_MOVE = YES;
				CLANG_WARN_UNGUARDED_AVAILABILITY = YES_AGGRESSIVE;
				CLANG_WARN_UNREACHABLE_CODE = YES;
				CLANG_WARN__DUPLICATE_METHOD_MATCH = YES;
				COPY_PHASE_STRIP = NO;
				DEBUG_INFORMATION_FORMAT = "dwarf-with-dsym";
				ENABLE_NS_ASSERTIONS = NO;
				ENABLE_STRICT_OBJC_MSGSEND = YES;
				GCC_C_LANGUAGE_STANDARD = gnu11;
				GCC_NO_COMMON_BLOCKS = YES;
				GCC_WARN_64_TO_32_BIT_CONVERSION = YES;
				GCC_WARN_ABOUT_RETURN_TYPE = YES_ERROR;
				GCC_WARN_UNDECLARED_SELECTOR = YES;
				GCC_WARN_UNINITIALIZED_AUTOS = YES_AGGRESSIVE;
				GCC_WARN_UNUSED_FUNCTION = YES;
				GCC_WARN_UNUSED_VARIABLE = YES;
				IPHONEOS_DEPLOYMENT_TARGET = 13.6;
				MTL_ENABLE_DEBUG_INFO = NO;
				MTL_FAST_MATH = YES;
				SDKROOT = iphoneos;
				SWIFT_COMPILATION_MODE = wholemodule;
				SWIFT_OPTIMIZATION_LEVEL = "-O";
				VALIDATE_PRODUCT = YES;
			};
			name = Release;
		};
		5EAA574624EBA50F008A7FBD /* Debug */ = {
			isa = XCBuildConfiguration;
			baseConfigurationReference = 9D6CD64371F9B53AD27113D0 /* Pods-SwiftModulesDemo.debug.xcconfig */;
			buildSettings = {
				ASSETCATALOG_COMPILER_APPICON_NAME = AppIcon;
				CLANG_ENABLE_MODULES = YES;
				CODE_SIGN_STYLE = Automatic;
				DEVELOPMENT_TEAM = 49F6BP78T2;
				INFOPLIST_FILE = SwiftModulesDemo/Info.plist;
				LD_RUNPATH_SEARCH_PATHS = (
					"$(inherited)",
					"@executable_path/Frameworks",
				);
				PRODUCT_BUNDLE_IDENTIFIER = ash.SwiftModulesDemo;
				PRODUCT_NAME = "$(TARGET_NAME)";
				SWIFT_OBJC_BRIDGING_HEADER = "SwiftModulesDemo/SwiftModulesDemo-Bridging-Header.h";
				SWIFT_OPTIMIZATION_LEVEL = "-Onone";
				SWIFT_VERSION = 5.0;
				TARGETED_DEVICE_FAMILY = "1,2";
			};
			name = Debug;
		};
		5EAA574724EBA50F008A7FBD /* Release */ = {
			isa = XCBuildConfiguration;
			baseConfigurationReference = C3AA3F9C5B9BBF46EE78D1B9 /* Pods-SwiftModulesDemo.release.xcconfig */;
			buildSettings = {
				ASSETCATALOG_COMPILER_APPICON_NAME = AppIcon;
				CLANG_ENABLE_MODULES = YES;
				CODE_SIGN_STYLE = Automatic;
				DEVELOPMENT_TEAM = 49F6BP78T2;
				INFOPLIST_FILE = SwiftModulesDemo/Info.plist;
				LD_RUNPATH_SEARCH_PATHS = (
					"$(inherited)",
					"@executable_path/Frameworks",
				);
				PRODUCT_BUNDLE_IDENTIFIER = ash.SwiftModulesDemo;
				PRODUCT_NAME = "$(TARGET_NAME)";
				SWIFT_OBJC_BRIDGING_HEADER = "SwiftModulesDemo/SwiftModulesDemo-Bridging-Header.h";
				SWIFT_VERSION = 5.0;
				TARGETED_DEVICE_FAMILY = "1,2";
			};
			name = Release;
		};
/* End XCBuildConfiguration section */

/* Begin XCConfigurationList section */
		5EAA572C24EBA50A008A7FBD /* Build configuration list for PBXProject "SwiftModulesDemo" */ = {
			isa = XCConfigurationList;
			buildConfigurations = (
				5EAA574324EBA50F008A7FBD /* Debug */,
				5EAA574424EBA50F008A7FBD /* Release */,
			);
			defaultConfigurationIsVisible = 0;
			defaultConfigurationName = Release;
		};
		5EAA574524EBA50F008A7FBD /* Build configuration list for PBXNativeTarget "SwiftModulesDemo" */ = {
			isa = XCConfigurationList;
			buildConfigurations = (
				5EAA574624EBA50F008A7FBD /* Debug */,
				5EAA574724EBA50F008A7FBD /* Release */,
			);
			defaultConfigurationIsVisible = 0;
			defaultConfigurationName = Release;
		};
/* End XCConfigurationList section */
	};
	rootObject = 5EAA572924EBA50A008A7FBD /* Project object */;
}
